
Microsoft Visual Studio Solution File, Format Version 12.00
# Visual Studio Version 17
VisualStudioVersion = 17.5.002.0
MinimumVisualStudioVersion = 10.0.40219.1
Project("{9A19103F-16F7-4668-BE54-9A1E7A4F7556}") = "blazorserver1", "blazorserver1\blazorserver1.csproj", "{3128D326-C6B4-4374-A4D9-9FC921BD6442}"
EndProject
Global
	GlobalSection(SolutionConfigurationPlatforms) = preSolution
		Debug|Any CPU = Debug|Any CPU
		Release|Any CPU = Release|Any CPU
	EndGlobalSection
	GlobalSection(ProjectConfigurationPlatforms) = postSolution
		{3128D326-C6B4-4374-A4D9-9FC921BD6442}.Debug|Any CPU.ActiveCfg = Debug|Any CPU
		{3128D326-C6B4-4374-A4D9-9FC921BD6442}.Debug|Any CPU.Build.0 = Debug|Any CPU
		{3128D326-C6B4-4374-A4D9-9FC921BD6442}.Release|Any CPU.ActiveCfg = Release|Any CPU
		{3128D326-C6B4-4374-A4D9-9FC921BD6442}.Release|Any CPU.Build.0 = Release|Any CPU
	EndGlobalSection
	GlobalSection(SolutionProperties) = preSolution
		HideSolutionNode = FALSE
	EndGlobalSection
	GlobalSection(ExtensibilityGlobals) = postSolution
		SolutionGuid = {638E423A-4237-47A5-8B95-5AAC7489A326}
	EndGlobalSection
EndGlobal
